{
  "version": 4,
  "terraform_version": "1.1.2",
  "serial": 88,
  "lineage": "8ed54c39-03cc-1fc8-d23f-b1b33fc3363c",
  "outputs": {
    "name": {
      "value": "Member",
      "type": "string"
    },
    "tls_private_key": {
      "value": "-----BEGIN RSA PRIVATE KEY-----\nMIIJJwIBAAKCAgEAyTxL0v5LCHm9qpMHHLXyBHvcWSVVo+65+ZpA3gPQokAKEF5A\nKmi9Blen+8pDW4QlRqjYIHSBedKvbCb4yRLVjZY3q0xIp8qUPMvtvCCrfQS3BzlT\ndDIqoFy59fTgLVCwkUFMzHM8KnBFfUw8w8eqCOsUw+nnx1K7Ik4FimHaGq4dZ90u\nNnEEuTn67fyYW6I3TGClY1oI+DM3k8oahqptOYE+aStjjIzGV5FUp/s76KXrby6h\nmtK1RdSB6hpt4H9LAvBJZexHw5Dd4itNfyfSBkW/OuWokYJ1lOJ85Zui6zTvDfAr\neOoIhXg6JfGMfYDKS/BMEQewnwGc4kHjAwGovxIJjyPLKxpe9eOdx5rYPbY8VE8Q\nFpvF3/zdcSTCHvsiyUjShrRgNOCEnqG3/ptnGhbneGlJbEzAJLMIjQ79fvpTBbeY\nWUrb9OrrOyb4PJHJ7BA6K291WyrCmgiaVCCGgieszAhH3WaFMNrZH70ejLiR8/sw\nE8iwGFC68IT0XUxsMvCO5fAnz17uNSxHUqCeDAQqQCNhr5GSmOMK9M8ECR0QgthH\nWMv+J+gntHBN6xLcNV2jRQoQTHTKKXp9M05PYesP5wUlf1yRwPe2KGDMT6tIu2U+\n0PrsztQq1srKM4pnVSCtux27HUWkjvDPgAz/iy8IX8MMC/bKB4RiRY11wDMCAwEA\nAQKCAgAB+XB5Anuz+pXMzaJ9Op/EQX7Y9Q/RCu+SLlxCkWEDpoMyw+n3QI3SORvx\n0Xs1s6c1+UQdlWcLzfBgrEU2m9Oyju2+5YG0+7zWl92eQefM0zYEgSB7fF6EskQ0\n0JE+gJMq6awaOWs2s2FLKGtUNGpLqhrLDUlz4DDr1j4hrHIaXuj08uuYJyW3t4Tp\nvtez1nSacDxPLDv4S3BZJ9t4xMVLkiQNnhpc76imhUuCVmmxD6eusJNvVG/o3nvj\n0xyO3lDbF4Zw1I+jsJEsveYFwFtEKn0E0+oCe3gx3MMC8bL4gc1yoo+aoRkyTgqs\nAqGxPYk+k337kMq/1KE4axMSHXsNWGL0oztjyFa1FsiMWXAYBdLXVLApB41hKA7y\nBdHNJZhJpp28jVa1MDh1191hXVVucJfG+eInh9R4gJwvtz0pLmfopO/ZvrKir3dM\nIZaWONK9GJWkmYNJ0ZKtjyiHZaUfWZHUgYso04zuLmmmjHexn0cAbuus+90zNId/\nEnE66NX9sKgm3rM8RqH1aewQzevT4dnrAvpEMi5oxFzT0kB6Y8lc7+QlHw/lxh7O\nXQ/36cTS1t03B1uZO8rQKusN3jd7Z/dYD7WkIOXT3NZb2VMX0VwwVewrOHbvMg1i\n/uOjKYRR2/2BA+99ZudlNsexO7VEOZ0SS5pAIa0Eixt1ZmGv6QKCAQEAzSk0mImw\nKkU7Wte7p9vjYRqEATCeTOGJ6IGKnvR95Y8zj2jtDX3faEJb1cvq57R6e6eDgMOl\nGPOA85Mf9cCz9gi6fkYdOsledvOTzxT7w1Su1/t2EKmXsFwqrw9y9mGV8YbIFclf\n+2IEqGbAsWoEs0SKbtPDCfJoMYjf5fKR1ylwBIw9QQc0nICSRALXQWaF3NHmBAAl\nKXxE0CH9BW1v5XgL+2pZWPp4ew1rida0H0IT2uAWqQ7gD5OYTdxqfs5ykwcBZuSh\njvpdjD4Zrwi3906/+94LF6LKV23ExYLP9Nu0+9VyRjvPf6GcJf52fpAHE0mgnmAT\nZqIjEY0O3szLpwKCAQEA+xoSziGfrJ7u5H0ipfgwKcoprG7pGC9NJXAsSic5A3zL\nHMqth1P9gsALuYTed0M8diMQg74l9uJnmPawnKu0fuEqo20JSA7aGGdKn6n/WWwd\nPYZMmV2/J2P+WFAh/b6at3hmIzMYaHKCDq6BPPorRFt2Ucqi8aD+qXd/uY/J1tfa\nJ2UvtdqK4vtafpI6FU99hchIP4Tnyi9ucQfy+nCFNIJHYjSVEKr3ezRec6vHLjuH\n9JtpEx6mXgc0hCERj6mx2lLwWLLMEhZ9CKTF9kQiErrMySCd0oF+Uk341A5vd35W\nXaIi2BenmE6MAQADBt8FJsZY8+HTKvhtW1eZe6oIlQKCAQBcERu7QD7AGWVzdNCP\nmYvGbcHDTvAbDDN5FXkBsDI3LDY1Kx8GKPBytyTDIsl9xW4Zw6itxh52vf+mTuXO\nwPWBeZVHSWugj/FGbDRuf7ojhAMahYwMGi8qQ5IcEVDD5DMHujZcIIxkIS556/KZ\nKzyEvkNpTLp/4jqD0Cq55EsyRTQxtkVewz8G5GO/BY9XmAyGdeNE9FO49D1lMXt8\nTgoi7eZiou0Jkw0yG2mg56rZRCvo0xsYLsa59sAoYLuhwD+GX2RvqjYeFZiZcNzR\nwZXc84gQHSrZJoKrDWV6RSPRfC8RvE2V2w1Y90s9eZ3vWe7y5t2fdPn/2s7l92ku\n7rSNAoIBAHUMCVoGuFyJ1UeywPTmhOTl9JkJNiRs4CQkbrC+KchjYnZwT4U2dIR/\nKrf2pJCpScSzwZ33g9DaZnoZ++d77m36XZrCV8I8EhOwCkv0vS+cwuCL+qa+2Tzu\nUoAuEjoqoAoH2GxuA+GkBtX7KAkZgBOkIrorn9rMNgkex+3iha5c/bbBZwT48yat\nDdjUJrkKTbOP0YWyWS2ZAH01vGBbFOyOEeJIKngTibrnhWOb3gPCAjTWQJuF/Pz1\nlNhGZd42ts3TPW/LIG8KBoyB6jlKNyvN4Wmbh5W5gP2ylNucQv9LZ8zLqDxcgmXv\nrzlEHSUVzlvtt0cvq/Rqyub6JXRMpSUCggEAB3vUFs6TDBCLAW8yyGwilKLE4h43\nsQhjZDNmq1w9Qd4Ux3/xqPXwPINZjg/LiQsD6cjiV3JvEcGavD/FxAUGiMMnQZhy\nzIaz9Yl5UANgTrc1jmUyHy+RcRKKawZZM1S4hPhahiStR45UlmLx3n/2QlyVnJLT\nHmgmVSSQDbGCv+8L5c/4vKBv5Z1I58t42V1KPO663r5rki4H4sGAZI3q4sU/zX+W\nFkX2T5vLcHmSvpW870XHPw58xcBapeYtIFXcY9D1uXJQcv8za4CiYKjxC3r/hASN\nTpGEcpiDZzhPjKsgnQTknrtG1WKxR+bd0uvTJ2AAhMy1pKSFkNHdwaV+Fw==\n-----END RSA PRIVATE KEY-----\n",
      "type": "string",
      "sensitive": true
    }
  },
  "resources": [
    {
      "mode": "managed",
      "type": "azuread_user",
      "name": "users",
      "provider": "provider[\"registry.terraform.io/hashicorp/azuread\"]",
      "instances": [
        {
          "index_key": "user1",
          "schema_version": 0,
          "attributes": {
            "about_me": "",
            "account_enabled": true,
            "age_group": "",
            "business_phones": [],
            "city": "",
            "company_name": "",
            "consent_provided_for_minor": "",
            "cost_center": "",
            "country": "",
            "creation_type": "",
            "department": "",
            "disable_password_expiration": false,
            "disable_strong_password": false,
            "display_name": "Phone",
            "division": "",
            "employee_id": "",
            "employee_type": "",
            "external_user_state": "",
            "fax_number": "",
            "force_password_change": false,
            "given_name": "",
            "id": "be1c42b7-9582-4701-aac2-d69d17f2c69b",
            "im_addresses": [],
            "job_title": "",
            "mail": "",
            "mail_nickname": "Phone321",
            "manager_id": "",
            "mobile_phone": "",
            "object_id": "be1c42b7-9582-4701-aac2-d69d17f2c69b",
            "office_location": "",
            "onpremises_distinguished_name": "",
            "onpremises_domain_name": "",
            "onpremises_immutable_id": "",
            "onpremises_sam_account_name": "",
            "onpremises_security_identifier": "",
            "onpremises_sync_enabled": false,
            "onpremises_user_principal_name": "",
            "other_mails": null,
            "password": "qazwsxEDC321",
            "postal_code": "",
            "preferred_language": "",
            "proxy_addresses": [],
            "show_in_address_list": true,
            "state": "",
            "street_address": "",
            "surname": "",
            "timeouts": null,
            "usage_location": "",
            "user_principal_name": "Phone321@vermarita2003live.onmicrosoft.com",
            "user_type": "Member"
          },
          "sensitive_attributes": [],
          "private": "eyJlMmJmYjczMC1lY2FhLTExZTYtOGY4OC0zNDM2M2JjN2M0YzAiOnsiY3JlYXRlIjozMDAwMDAwMDAwMDAsImRlbGV0ZSI6MzAwMDAwMDAwMDAwLCJyZWFkIjozMDAwMDAwMDAwMDAsInVwZGF0ZSI6MzAwMDAwMDAwMDAwfX0="
        },
        {
          "index_key": "user2",
          "schema_version": 0,
          "attributes": {
            "about_me": "",
            "account_enabled": true,
            "age_group": "",
            "business_phones": [],
            "city": "",
            "company_name": "",
            "consent_provided_for_minor": "",
            "cost_center": "",
            "country": "",
            "creation_type": "",
            "department": "",
            "disable_password_expiration": false,
            "disable_strong_password": false,
            "display_name": "Danielle",
            "division": "",
            "employee_id": "",
            "employee_type": "",
            "external_user_state": "",
            "fax_number": "",
            "force_password_change": false,
            "given_name": "",
            "id": "41e2a4c9-bbe9-4651-9372-2e52c68cec8a",
            "im_addresses": [],
            "job_title": "",
            "mail": "",
            "mail_nickname": "Danielle321",
            "manager_id": "",
            "mobile_phone": "",
            "object_id": "41e2a4c9-bbe9-4651-9372-2e52c68cec8a",
            "office_location": "",
            "onpremises_distinguished_name": "",
            "onpremises_domain_name": "",
            "onpremises_immutable_id": "",
            "onpremises_sam_account_name": "",
            "onpremises_security_identifier": "",
            "onpremises_sync_enabled": false,
            "onpremises_user_principal_name": "",
            "other_mails": null,
            "password": "qazWSCEDC321",
            "postal_code": "",
            "preferred_language": "",
            "proxy_addresses": [],
            "show_in_address_list": true,
            "state": "",
            "street_address": "",
            "surname": "",
            "timeouts": null,
            "usage_location": "",
            "user_principal_name": "Danielle321@vermarita2003live.onmicrosoft.com",
            "user_type": "Member"
          },
          "sensitive_attributes": [],
          "private": "eyJlMmJmYjczMC1lY2FhLTExZTYtOGY4OC0zNDM2M2JjN2M0YzAiOnsiY3JlYXRlIjozMDAwMDAwMDAwMDAsImRlbGV0ZSI6MzAwMDAwMDAwMDAwLCJyZWFkIjozMDAwMDAwMDAwMDAsInVwZGF0ZSI6MzAwMDAwMDAwMDAwfX0="
        }
      ]
    },
    {
      "mode": "managed",
      "type": "azurerm_linux_virtual_machine",
      "name": "tfweb_profiles",
      "provider": "provider[\"registry.terraform.io/hashicorp/azurerm\"]",
      "instances": [
        {
          "schema_version": 0,
          "attributes": {
            "additional_capabilities": [],
            "admin_password": null,
            "admin_ssh_key": [
              {
                "public_key": "ssh-rsa AAAAB3NzaC1yc2EAAAADAQABAAACAQDJPEvS/ksIeb2qkwcctfIEe9xZJVWj7rn5mkDeA9CiQAoQXkAqaL0GV6f7ykNbhCVGqNggdIF50q9sJvjJEtWNljerTEinypQ8y+28IKt9BLcHOVN0MiqgXLn19OAtULCRQUzMczwqcEV9TDzDx6oI6xTD6efHUrsiTgWKYdoarh1n3S42cQS5Ofrt/JhbojdMYKVjWgj4MzeTyhqGqm05gT5pK2OMjMZXkVSn+zvopetvLqGa0rVF1IHqGm3gf0sC8Ell7EfDkN3iK01/J9IGRb865aiRgnWU4nzlm6LrNO8N8Ct46giFeDol8Yx9gMpL8EwRB7CfAZziQeMDAai/EgmPI8srGl71453Hmtg9tjxUTxAWm8Xf/N1xJMIe+yLJSNKGtGA04ISeobf+m2caFud4aUlsTMAkswiNDv1++lMFt5hZStv06us7Jvg8kcnsEDorb3VbKsKaCJpUIIaCJ6zMCEfdZoUw2tkfvR6MuJHz+zATyLAYULrwhPRdTGwy8I7l8CfPXu41LEdSoJ4MBCpAI2GvkZKY4wr0zwQJHRCC2EdYy/4n6Ce0cE3rEtw1XaNFChBMdMopen0zTk9h6w/nBSV/XJHA97YoYMxPq0i7ZT7Q+uzO1CrWysozimdVIK27HbsdRaSO8M+ADP+LLwhfwwwL9soHhGJFjXXAMw==\n",
                "username": "azureuser"
              }
            ],
            "admin_username": "azureuser",
            "allow_extension_operations": true,
            "availability_set_id": "",
            "boot_diagnostics": [
              {
                "storage_account_uri": "https://autowebprofilesdiagstor.blob.core.windows.net/"
              }
            ],
            "computer_name": "autowebprofilescompnm",
            "custom_data": null,
            "dedicated_host_id": "",
            "disable_password_authentication": true,
            "encryption_at_host_enabled": false,
            "eviction_policy": "",
            "extensions_time_budget": "PT1H30M",
            "id": "/subscriptions/37b7da11-3ed9-46bd-9086-1baee3e171ba/resourceGroups/auto_web_profiles_rg/providers/Microsoft.Compute/virtualMachines/autoVM_web_profiles",
            "identity": [],
            "location": "australiaeast",
            "max_bid_price": -1,
            "name": "autoVM_web_profiles",
            "network_interface_ids": [
              "/subscriptions/37b7da11-3ed9-46bd-9086-1baee3e171ba/resourceGroups/auto_web_profiles_rg/providers/Microsoft.Network/networkInterfaces/auto_web_profiles_NIC"
            ],
            "os_disk": [
              {
                "caching": "ReadWrite",
                "diff_disk_settings": [],
                "disk_encryption_set_id": "",
                "disk_size_gb": 30,
                "name": "autoweb_profiles_OS_disk",
                "storage_account_type": "Premium_LRS",
                "write_accelerator_enabled": false
              }
            ],
            "plan": [],
            "priority": "Regular",
            "private_ip_address": "10.0.1.4",
            "private_ip_addresses": [
              "10.0.1.4"
            ],
            "provision_vm_agent": true,
            "proximity_placement_group_id": "",
            "public_ip_address": "20.211.22.211",
            "public_ip_addresses": [
              "20.211.22.211"
            ],
            "resource_group_name": "auto_web_profiles_rg",
            "secret": [],
            "size": "Standard_DS1_v2",
            "source_image_id": "",
            "source_image_reference": [
              {
                "offer": "UbuntuServer",
                "publisher": "Canonical",
                "sku": "18.04-LTS",
                "version": "latest"
              }
            ],
            "tags": {
              "environment": "web_profiles"
            },
            "timeouts": null,
            "virtual_machine_id": "b7c40ac9-c356-48f0-b438-b539e8391c0a",
            "virtual_machine_scale_set_id": "",
            "zone": ""
          },
          "sensitive_attributes": [],
          "private": "eyJlMmJmYjczMC1lY2FhLTExZTYtOGY4OC0zNDM2M2JjN2M0YzAiOnsiY3JlYXRlIjoyNzAwMDAwMDAwMDAwLCJkZWxldGUiOjI3MDAwMDAwMDAwMDAsInJlYWQiOjMwMDAwMDAwMDAwMCwidXBkYXRlIjoyNzAwMDAwMDAwMDAwfX0=",
          "dependencies": [
            "azurerm_network_interface.tfweb_profiles_nic",
            "azurerm_public_ip.tfweb_profiles_publicip",
            "azurerm_resource_group.tfweb_profiles_rg",
            "azurerm_storage_account.tfweb_profiles_stor_acct",
            "azurerm_subnet.tfweb_profiles_subnet",
            "azurerm_virtual_network.tfweb_profiles_vnet",
            "tls_private_key.web_ssh"
          ]
        }
      ]
    },
    {
      "mode": "managed",
      "type": "azurerm_network_interface",
      "name": "tfweb_profiles_nic",
      "provider": "provider[\"registry.terraform.io/hashicorp/azurerm\"]",
      "instances": [
        {
          "schema_version": 0,
          "attributes": {
            "applied_dns_servers": [],
            "dns_servers": [],
            "enable_accelerated_networking": false,
            "enable_ip_forwarding": false,
            "id": "/subscriptions/37b7da11-3ed9-46bd-9086-1baee3e171ba/resourceGroups/auto_web_profiles_rg/providers/Microsoft.Network/networkInterfaces/auto_web_profiles_NIC",
            "internal_dns_name_label": "",
            "internal_domain_name_suffix": "pv522uwxim4ebkmv3mqxtusrae.px.internal.cloudapp.net",
            "ip_configuration": [
              {
                "name": "auto_web_profiles_config",
                "primary": true,
                "private_ip_address": "10.0.1.4",
                "private_ip_address_allocation": "Dynamic",
                "private_ip_address_version": "IPv4",
                "public_ip_address_id": "/subscriptions/37b7da11-3ed9-46bd-9086-1baee3e171ba/resourceGroups/auto_web_profiles_rg/providers/Microsoft.Network/publicIPAddresses/autowebProfilesPublicIP",
                "subnet_id": "/subscriptions/37b7da11-3ed9-46bd-9086-1baee3e171ba/resourceGroups/auto_web_profiles_rg/providers/Microsoft.Network/virtualNetworks/auto_web_profiles_vnet/subnets/auto_web_profiles_subnet"
              }
            ],
            "location": "australiaeast",
            "mac_address": "",
            "name": "auto_web_profiles_NIC",
            "private_ip_address": "10.0.1.4",
            "private_ip_addresses": [
              "10.0.1.4"
            ],
            "resource_group_name": "auto_web_profiles_rg",
            "tags": {
              "environment": "web_profiles"
            },
            "timeouts": null,
            "virtual_machine_id": ""
          },
          "sensitive_attributes": [],
          "private": "eyJlMmJmYjczMC1lY2FhLTExZTYtOGY4OC0zNDM2M2JjN2M0YzAiOnsiY3JlYXRlIjoxODAwMDAwMDAwMDAwLCJkZWxldGUiOjE4MDAwMDAwMDAwMDAsInJlYWQiOjMwMDAwMDAwMDAwMCwidXBkYXRlIjoxODAwMDAwMDAwMDAwfX0=",
          "dependencies": [
            "azurerm_public_ip.tfweb_profiles_publicip",
            "azurerm_resource_group.tfweb_profiles_rg",
            "azurerm_subnet.tfweb_profiles_subnet",
            "azurerm_virtual_network.tfweb_profiles_vnet"
          ]
        }
      ]
    },
    {
      "mode": "managed",
      "type": "azurerm_network_interface_security_group_association",
      "name": "tf_nic_nsg_attch_web_profiles",
      "provider": "provider[\"registry.terraform.io/hashicorp/azurerm\"]",
      "instances": [
        {
          "schema_version": 0,
          "attributes": {
            "id": "/subscriptions/37b7da11-3ed9-46bd-9086-1baee3e171ba/resourceGroups/auto_web_profiles_rg/providers/Microsoft.Network/networkInterfaces/auto_web_profiles_NIC|/subscriptions/37b7da11-3ed9-46bd-9086-1baee3e171ba/resourceGroups/auto_web_profiles_rg/providers/Microsoft.Network/networkSecurityGroups/auto_web_profiles_nsg",
            "network_interface_id": "/subscriptions/37b7da11-3ed9-46bd-9086-1baee3e171ba/resourceGroups/auto_web_profiles_rg/providers/Microsoft.Network/networkInterfaces/auto_web_profiles_NIC",
            "network_security_group_id": "/subscriptions/37b7da11-3ed9-46bd-9086-1baee3e171ba/resourceGroups/auto_web_profiles_rg/providers/Microsoft.Network/networkSecurityGroups/auto_web_profiles_nsg",
            "timeouts": null
          },
          "sensitive_attributes": [],
          "private": "eyJlMmJmYjczMC1lY2FhLTExZTYtOGY4OC0zNDM2M2JjN2M0YzAiOnsiY3JlYXRlIjoxODAwMDAwMDAwMDAwLCJkZWxldGUiOjE4MDAwMDAwMDAwMDAsInJlYWQiOjMwMDAwMDAwMDAwMCwidXBkYXRlIjoxODAwMDAwMDAwMDAwfX0=",
          "dependencies": [
            "azurerm_network_interface.tfweb_profiles_nic",
            "azurerm_network_security_group.tfweb_profiles_nsg",
            "azurerm_public_ip.tfweb_profiles_publicip",
            "azurerm_resource_group.tfweb_profiles_rg",
            "azurerm_subnet.tfweb_profiles_subnet",
            "azurerm_virtual_network.tfweb_profiles_vnet"
          ]
        }
      ]
    },
    {
      "mode": "managed",
      "type": "azurerm_network_security_group",
      "name": "tfweb_profiles_nsg",
      "provider": "provider[\"registry.terraform.io/hashicorp/azurerm\"]",
      "instances": [
        {
          "schema_version": 0,
          "attributes": {
            "id": "/subscriptions/37b7da11-3ed9-46bd-9086-1baee3e171ba/resourceGroups/auto_web_profiles_rg/providers/Microsoft.Network/networkSecurityGroups/auto_web_profiles_nsg",
            "location": "australiaeast",
            "name": "auto_web_profiles_nsg",
            "resource_group_name": "auto_web_profiles_rg",
            "security_rule": [
              {
                "access": "Allow",
                "description": "",
                "destination_address_prefix": "*",
                "destination_address_prefixes": [],
                "destination_application_security_group_ids": [],
                "destination_port_range": "22",
                "destination_port_ranges": [],
                "direction": "Inbound",
                "name": "SSH",
                "priority": 1001,
                "protocol": "Tcp",
                "source_address_prefix": "*",
                "source_address_prefixes": [],
                "source_application_security_group_ids": [],
                "source_port_range": "*",
                "source_port_ranges": []
              }
            ],
            "tags": {
              "environment": "web_profiles"
            },
            "timeouts": null
          },
          "sensitive_attributes": [],
          "private": "eyJlMmJmYjczMC1lY2FhLTExZTYtOGY4OC0zNDM2M2JjN2M0YzAiOnsiY3JlYXRlIjoxODAwMDAwMDAwMDAwLCJkZWxldGUiOjE4MDAwMDAwMDAwMDAsInJlYWQiOjMwMDAwMDAwMDAwMCwidXBkYXRlIjoxODAwMDAwMDAwMDAwfX0=",
          "dependencies": [
            "azurerm_resource_group.tfweb_profiles_rg"
          ]
        }
      ]
    },
    {
      "mode": "managed",
      "type": "azurerm_network_security_rule",
      "name": "testrules",
      "provider": "provider[\"registry.terraform.io/hashicorp/azurerm\"]",
      "instances": [
        {
          "schema_version": 0,
          "attributes": {
            "access": "Allow",
            "description": "",
            "destination_address_prefix": "*",
            "destination_address_prefixes": null,
            "destination_application_security_group_ids": null,
            "destination_port_range": "80",
            "destination_port_ranges": null,
            "direction": "Inbound",
            "id": "/subscriptions/37b7da11-3ed9-46bd-9086-1baee3e171ba/resourceGroups/auto_web_profiles_rg/providers/Microsoft.Network/networkSecurityGroups/auto_web_profiles_nsg/securityRules/HTTP",
            "name": "HTTP",
            "network_security_group_name": "auto_web_profiles_nsg",
            "priority": 201,
            "protocol": "Tcp",
            "resource_group_name": "auto_web_profiles_rg",
            "source_address_prefix": "*",
            "source_address_prefixes": null,
            "source_application_security_group_ids": null,
            "source_port_range": "*",
            "source_port_ranges": null,
            "timeouts": null
          },
          "sensitive_attributes": [],
          "private": "eyJlMmJmYjczMC1lY2FhLTExZTYtOGY4OC0zNDM2M2JjN2M0YzAiOnsiY3JlYXRlIjoxODAwMDAwMDAwMDAwLCJkZWxldGUiOjE4MDAwMDAwMDAwMDAsInJlYWQiOjMwMDAwMDAwMDAwMCwidXBkYXRlIjoxODAwMDAwMDAwMDAwfX0=",
          "dependencies": [
            "azurerm_network_security_group.tfweb_profiles_nsg",
            "azurerm_resource_group.tfweb_profiles_rg"
          ]
        }
      ]
    },
    {
      "mode": "managed",
      "type": "azurerm_public_ip",
      "name": "tfweb_profiles_publicip",
      "provider": "provider[\"registry.terraform.io/hashicorp/azurerm\"]",
      "instances": [
        {
          "schema_version": 0,
          "attributes": {
            "allocation_method": "Dynamic",
            "domain_name_label": null,
            "fqdn": null,
            "id": "/subscriptions/37b7da11-3ed9-46bd-9086-1baee3e171ba/resourceGroups/auto_web_profiles_rg/providers/Microsoft.Network/publicIPAddresses/autowebProfilesPublicIP",
            "idle_timeout_in_minutes": 4,
            "ip_address": "",
            "ip_version": "IPv4",
            "location": "australiaeast",
            "name": "autowebProfilesPublicIP",
            "public_ip_prefix_id": null,
            "resource_group_name": "auto_web_profiles_rg",
            "reverse_fqdn": null,
            "sku": "Basic",
            "tags": {
              "environment": "web_profiles"
            },
            "timeouts": null,
            "zones": null
          },
          "sensitive_attributes": [],
          "private": "eyJlMmJmYjczMC1lY2FhLTExZTYtOGY4OC0zNDM2M2JjN2M0YzAiOnsiY3JlYXRlIjoxODAwMDAwMDAwMDAwLCJkZWxldGUiOjE4MDAwMDAwMDAwMDAsInJlYWQiOjMwMDAwMDAwMDAwMCwidXBkYXRlIjoxODAwMDAwMDAwMDAwfX0=",
          "dependencies": [
            "azurerm_resource_group.tfweb_profiles_rg"
          ]
        }
      ]
    },
    {
      "mode": "managed",
      "type": "azurerm_resource_group",
      "name": "tfweb_profiles_rg",
      "provider": "provider[\"registry.terraform.io/hashicorp/azurerm\"]",
      "instances": [
        {
          "schema_version": 0,
          "attributes": {
            "id": "/subscriptions/37b7da11-3ed9-46bd-9086-1baee3e171ba/resourceGroups/auto_web_profiles_rg",
            "location": "australiaeast",
            "name": "auto_web_profiles_rg",
            "tags": {
              "environment": "web_profiles"
            },
            "timeouts": null
          },
          "sensitive_attributes": [],
          "private": "eyJlMmJmYjczMC1lY2FhLTExZTYtOGY4OC0zNDM2M2JjN2M0YzAiOnsiY3JlYXRlIjo1NDAwMDAwMDAwMDAwLCJkZWxldGUiOjU0MDAwMDAwMDAwMDAsInJlYWQiOjMwMDAwMDAwMDAwMCwidXBkYXRlIjo1NDAwMDAwMDAwMDAwfX0="
        }
      ]
    },
    {
      "mode": "managed",
      "type": "azurerm_storage_account",
      "name": "tfweb_profiles_stor_acct",
      "provider": "provider[\"registry.terraform.io/hashicorp/azurerm\"]",
      "instances": [
        {
          "schema_version": 2,
          "attributes": {
            "access_tier": "Hot",
            "account_kind": "StorageV2",
            "account_replication_type": "LRS",
            "account_tier": "Standard",
            "allow_blob_public_access": false,
            "blob_properties": [],
            "custom_domain": [],
            "enable_https_traffic_only": true,
            "id": "/subscriptions/37b7da11-3ed9-46bd-9086-1baee3e171ba/resourceGroups/auto_web_profiles_rg/providers/Microsoft.Storage/storageAccounts/autowebprofilesdiagstor",
            "identity": [],
            "is_hns_enabled": false,
            "large_file_share_enabled": null,
            "location": "australiaeast",
            "min_tls_version": "TLS1_0",
            "name": "autowebprofilesdiagstor",
            "network_rules": [
              {
                "bypass": [
                  "AzureServices"
                ],
                "default_action": "Allow",
                "ip_rules": [],
                "virtual_network_subnet_ids": []
              }
            ],
            "primary_access_key": "AV89ZjChfCNMz+/lbqDnUikfTK3S6ZOa8FLi5SO353tFWqUnaCz2dDqKQFWA6+w0xyLDZcqGsFKfkiobfpVGYw==",
            "primary_blob_connection_string": "DefaultEndpointsProtocol=https;BlobEndpoint=https://autowebprofilesdiagstor.blob.core.windows.net/;AccountName=autowebprofilesdiagstor;AccountKey=AV89ZjChfCNMz+/lbqDnUikfTK3S6ZOa8FLi5SO353tFWqUnaCz2dDqKQFWA6+w0xyLDZcqGsFKfkiobfpVGYw==",
            "primary_blob_endpoint": "https://autowebprofilesdiagstor.blob.core.windows.net/",
            "primary_blob_host": "autowebprofilesdiagstor.blob.core.windows.net",
            "primary_connection_string": "DefaultEndpointsProtocol=https;AccountName=autowebprofilesdiagstor;AccountKey=AV89ZjChfCNMz+/lbqDnUikfTK3S6ZOa8FLi5SO353tFWqUnaCz2dDqKQFWA6+w0xyLDZcqGsFKfkiobfpVGYw==;EndpointSuffix=core.windows.net",
            "primary_dfs_endpoint": "https://autowebprofilesdiagstor.dfs.core.windows.net/",
            "primary_dfs_host": "autowebprofilesdiagstor.dfs.core.windows.net",
            "primary_file_endpoint": "https://autowebprofilesdiagstor.file.core.windows.net/",
            "primary_file_host": "autowebprofilesdiagstor.file.core.windows.net",
            "primary_location": "australiaeast",
            "primary_queue_endpoint": "https://autowebprofilesdiagstor.queue.core.windows.net/",
            "primary_queue_host": "autowebprofilesdiagstor.queue.core.windows.net",
            "primary_table_endpoint": "https://autowebprofilesdiagstor.table.core.windows.net/",
            "primary_table_host": "autowebprofilesdiagstor.table.core.windows.net",
            "primary_web_endpoint": "https://autowebprofilesdiagstor.z8.web.core.windows.net/",
            "primary_web_host": "autowebprofilesdiagstor.z8.web.core.windows.net",
            "queue_properties": [
              {
                "cors_rule": [],
                "hour_metrics": [
                  {
                    "enabled": true,
                    "include_apis": true,
                    "retention_policy_days": 7,
                    "version": "1.0"
                  }
                ],
                "logging": [
                  {
                    "delete": false,
                    "read": false,
                    "retention_policy_days": 0,
                    "version": "1.0",
                    "write": false
                  }
                ],
                "minute_metrics": [
                  {
                    "enabled": false,
                    "include_apis": false,
                    "retention_policy_days": 0,
                    "version": "1.0"
                  }
                ]
              }
            ],
            "resource_group_name": "auto_web_profiles_rg",
            "secondary_access_key": "/xDyKtGzBnzZTdEP0Cg373Y0u0jKBw+AwEiyvsRtQhpD71XBg2/Uy0QLdBDs4ygO3Xr7AfrfXULBsrsmGF4m8Q==",
            "secondary_blob_connection_string": "",
            "secondary_blob_endpoint": null,
            "secondary_blob_host": null,
            "secondary_connection_string": "DefaultEndpointsProtocol=https;AccountName=autowebprofilesdiagstor;AccountKey=/xDyKtGzBnzZTdEP0Cg373Y0u0jKBw+AwEiyvsRtQhpD71XBg2/Uy0QLdBDs4ygO3Xr7AfrfXULBsrsmGF4m8Q==;EndpointSuffix=core.windows.net",
            "secondary_dfs_endpoint": null,
            "secondary_dfs_host": null,
            "secondary_file_endpoint": null,
            "secondary_file_host": null,
            "secondary_location": "",
            "secondary_queue_endpoint": null,
            "secondary_queue_host": null,
            "secondary_table_endpoint": null,
            "secondary_table_host": null,
            "secondary_web_endpoint": null,
            "secondary_web_host": null,
            "static_website": [],
            "tags": {
              "environment": "web_profiles"
            },
            "timeouts": null
          },
          "sensitive_attributes": [],
          "private": "eyJlMmJmYjczMC1lY2FhLTExZTYtOGY4OC0zNDM2M2JjN2M0YzAiOnsiY3JlYXRlIjozNjAwMDAwMDAwMDAwLCJkZWxldGUiOjM2MDAwMDAwMDAwMDAsInJlYWQiOjMwMDAwMDAwMDAwMCwidXBkYXRlIjozNjAwMDAwMDAwMDAwfSwic2NoZW1hX3ZlcnNpb24iOiIyIn0=",
          "dependencies": [
            "azurerm_resource_group.tfweb_profiles_rg"
          ]
        }
      ]
    },
    {
      "mode": "managed",
      "type": "azurerm_subnet",
      "name": "tfweb_profiles_subnet",
      "provider": "provider[\"registry.terraform.io/hashicorp/azurerm\"]",
      "instances": [
        {
          "schema_version": 0,
          "attributes": {
            "address_prefix": "10.0.1.0/24",
            "address_prefixes": [
              "10.0.1.0/24"
            ],
            "delegation": [],
            "enforce_private_link_endpoint_network_policies": false,
            "enforce_private_link_service_network_policies": false,
            "id": "/subscriptions/37b7da11-3ed9-46bd-9086-1baee3e171ba/resourceGroups/auto_web_profiles_rg/providers/Microsoft.Network/virtualNetworks/auto_web_profiles_vnet/subnets/auto_web_profiles_subnet",
            "name": "auto_web_profiles_subnet",
            "resource_group_name": "auto_web_profiles_rg",
            "service_endpoint_policy_ids": null,
            "service_endpoints": null,
            "timeouts": null,
            "virtual_network_name": "auto_web_profiles_vnet"
          },
          "sensitive_attributes": [],
          "private": "eyJlMmJmYjczMC1lY2FhLTExZTYtOGY4OC0zNDM2M2JjN2M0YzAiOnsiY3JlYXRlIjoxODAwMDAwMDAwMDAwLCJkZWxldGUiOjE4MDAwMDAwMDAwMDAsInJlYWQiOjMwMDAwMDAwMDAwMCwidXBkYXRlIjoxODAwMDAwMDAwMDAwfX0=",
          "dependencies": [
            "azurerm_resource_group.tfweb_profiles_rg",
            "azurerm_virtual_network.tfweb_profiles_vnet"
          ]
        }
      ]
    },
    {
      "mode": "managed",
      "type": "azurerm_virtual_network",
      "name": "tfweb_profiles_vnet",
      "provider": "provider[\"registry.terraform.io/hashicorp/azurerm\"]",
      "instances": [
        {
          "schema_version": 0,
          "attributes": {
            "address_space": [
              "10.0.0.0/16"
            ],
            "bgp_community": "",
            "ddos_protection_plan": [],
            "dns_servers": null,
            "guid": "52ce7f7d-43d7-403c-a995-eb2179d25104",
            "id": "/subscriptions/37b7da11-3ed9-46bd-9086-1baee3e171ba/resourceGroups/auto_web_profiles_rg/providers/Microsoft.Network/virtualNetworks/auto_web_profiles_vnet",
            "location": "australiaeast",
            "name": "auto_web_profiles_vnet",
            "resource_group_name": "auto_web_profiles_rg",
            "subnet": [],
            "tags": {
              "environment": "web_profiles"
            },
            "timeouts": null,
            "vm_protection_enabled": false
          },
          "sensitive_attributes": [],
          "private": "eyJlMmJmYjczMC1lY2FhLTExZTYtOGY4OC0zNDM2M2JjN2M0YzAiOnsiY3JlYXRlIjoxODAwMDAwMDAwMDAwLCJkZWxldGUiOjE4MDAwMDAwMDAwMDAsInJlYWQiOjMwMDAwMDAwMDAwMCwidXBkYXRlIjoxODAwMDAwMDAwMDAwfX0=",
          "dependencies": [
            "azurerm_resource_group.tfweb_profiles_rg"
          ]
        }
      ]
    },
    {
      "mode": "managed",
      "type": "random_id",
      "name": "randomId",
      "provider": "provider[\"registry.terraform.io/hashicorp/random\"]",
      "instances": [
        {
          "schema_version": 0,
          "attributes": {
            "b64_std": "s8aSwoe+HLg=",
            "b64_url": "s8aSwoe-HLg",
            "byte_length": 8,
            "dec": "12954202742376504504",
            "hex": "b3c692c287be1cb8",
            "id": "s8aSwoe-HLg",
            "keepers": {
              "resource_group": "auto_web_profiles_rg"
            },
            "prefix": null
          },
          "sensitive_attributes": [],
          "private": "bnVsbA==",
          "dependencies": [
            "azurerm_resource_group.tfweb_profiles_rg"
          ]
        }
      ]
    },
    {
      "mode": "managed",
      "type": "tls_private_key",
      "name": "web_ssh",
      "provider": "provider[\"registry.terraform.io/hashicorp/tls\"]",
      "instances": [
        {
          "schema_version": 0,
          "attributes": {
            "algorithm": "RSA",
            "ecdsa_curve": "P224",
            "id": "d724e4aa8b8779e969d6c3d29e205c8638a2c13a",
            "private_key_pem": "-----BEGIN RSA PRIVATE KEY-----\nMIIJJwIBAAKCAgEAyTxL0v5LCHm9qpMHHLXyBHvcWSVVo+65+ZpA3gPQokAKEF5A\nKmi9Blen+8pDW4QlRqjYIHSBedKvbCb4yRLVjZY3q0xIp8qUPMvtvCCrfQS3BzlT\ndDIqoFy59fTgLVCwkUFMzHM8KnBFfUw8w8eqCOsUw+nnx1K7Ik4FimHaGq4dZ90u\nNnEEuTn67fyYW6I3TGClY1oI+DM3k8oahqptOYE+aStjjIzGV5FUp/s76KXrby6h\nmtK1RdSB6hpt4H9LAvBJZexHw5Dd4itNfyfSBkW/OuWokYJ1lOJ85Zui6zTvDfAr\neOoIhXg6JfGMfYDKS/BMEQewnwGc4kHjAwGovxIJjyPLKxpe9eOdx5rYPbY8VE8Q\nFpvF3/zdcSTCHvsiyUjShrRgNOCEnqG3/ptnGhbneGlJbEzAJLMIjQ79fvpTBbeY\nWUrb9OrrOyb4PJHJ7BA6K291WyrCmgiaVCCGgieszAhH3WaFMNrZH70ejLiR8/sw\nE8iwGFC68IT0XUxsMvCO5fAnz17uNSxHUqCeDAQqQCNhr5GSmOMK9M8ECR0QgthH\nWMv+J+gntHBN6xLcNV2jRQoQTHTKKXp9M05PYesP5wUlf1yRwPe2KGDMT6tIu2U+\n0PrsztQq1srKM4pnVSCtux27HUWkjvDPgAz/iy8IX8MMC/bKB4RiRY11wDMCAwEA\nAQKCAgAB+XB5Anuz+pXMzaJ9Op/EQX7Y9Q/RCu+SLlxCkWEDpoMyw+n3QI3SORvx\n0Xs1s6c1+UQdlWcLzfBgrEU2m9Oyju2+5YG0+7zWl92eQefM0zYEgSB7fF6EskQ0\n0JE+gJMq6awaOWs2s2FLKGtUNGpLqhrLDUlz4DDr1j4hrHIaXuj08uuYJyW3t4Tp\nvtez1nSacDxPLDv4S3BZJ9t4xMVLkiQNnhpc76imhUuCVmmxD6eusJNvVG/o3nvj\n0xyO3lDbF4Zw1I+jsJEsveYFwFtEKn0E0+oCe3gx3MMC8bL4gc1yoo+aoRkyTgqs\nAqGxPYk+k337kMq/1KE4axMSHXsNWGL0oztjyFa1FsiMWXAYBdLXVLApB41hKA7y\nBdHNJZhJpp28jVa1MDh1191hXVVucJfG+eInh9R4gJwvtz0pLmfopO/ZvrKir3dM\nIZaWONK9GJWkmYNJ0ZKtjyiHZaUfWZHUgYso04zuLmmmjHexn0cAbuus+90zNId/\nEnE66NX9sKgm3rM8RqH1aewQzevT4dnrAvpEMi5oxFzT0kB6Y8lc7+QlHw/lxh7O\nXQ/36cTS1t03B1uZO8rQKusN3jd7Z/dYD7WkIOXT3NZb2VMX0VwwVewrOHbvMg1i\n/uOjKYRR2/2BA+99ZudlNsexO7VEOZ0SS5pAIa0Eixt1ZmGv6QKCAQEAzSk0mImw\nKkU7Wte7p9vjYRqEATCeTOGJ6IGKnvR95Y8zj2jtDX3faEJb1cvq57R6e6eDgMOl\nGPOA85Mf9cCz9gi6fkYdOsledvOTzxT7w1Su1/t2EKmXsFwqrw9y9mGV8YbIFclf\n+2IEqGbAsWoEs0SKbtPDCfJoMYjf5fKR1ylwBIw9QQc0nICSRALXQWaF3NHmBAAl\nKXxE0CH9BW1v5XgL+2pZWPp4ew1rida0H0IT2uAWqQ7gD5OYTdxqfs5ykwcBZuSh\njvpdjD4Zrwi3906/+94LF6LKV23ExYLP9Nu0+9VyRjvPf6GcJf52fpAHE0mgnmAT\nZqIjEY0O3szLpwKCAQEA+xoSziGfrJ7u5H0ipfgwKcoprG7pGC9NJXAsSic5A3zL\nHMqth1P9gsALuYTed0M8diMQg74l9uJnmPawnKu0fuEqo20JSA7aGGdKn6n/WWwd\nPYZMmV2/J2P+WFAh/b6at3hmIzMYaHKCDq6BPPorRFt2Ucqi8aD+qXd/uY/J1tfa\nJ2UvtdqK4vtafpI6FU99hchIP4Tnyi9ucQfy+nCFNIJHYjSVEKr3ezRec6vHLjuH\n9JtpEx6mXgc0hCERj6mx2lLwWLLMEhZ9CKTF9kQiErrMySCd0oF+Uk341A5vd35W\nXaIi2BenmE6MAQADBt8FJsZY8+HTKvhtW1eZe6oIlQKCAQBcERu7QD7AGWVzdNCP\nmYvGbcHDTvAbDDN5FXkBsDI3LDY1Kx8GKPBytyTDIsl9xW4Zw6itxh52vf+mTuXO\nwPWBeZVHSWugj/FGbDRuf7ojhAMahYwMGi8qQ5IcEVDD5DMHujZcIIxkIS556/KZ\nKzyEvkNpTLp/4jqD0Cq55EsyRTQxtkVewz8G5GO/BY9XmAyGdeNE9FO49D1lMXt8\nTgoi7eZiou0Jkw0yG2mg56rZRCvo0xsYLsa59sAoYLuhwD+GX2RvqjYeFZiZcNzR\nwZXc84gQHSrZJoKrDWV6RSPRfC8RvE2V2w1Y90s9eZ3vWe7y5t2fdPn/2s7l92ku\n7rSNAoIBAHUMCVoGuFyJ1UeywPTmhOTl9JkJNiRs4CQkbrC+KchjYnZwT4U2dIR/\nKrf2pJCpScSzwZ33g9DaZnoZ++d77m36XZrCV8I8EhOwCkv0vS+cwuCL+qa+2Tzu\nUoAuEjoqoAoH2GxuA+GkBtX7KAkZgBOkIrorn9rMNgkex+3iha5c/bbBZwT48yat\nDdjUJrkKTbOP0YWyWS2ZAH01vGBbFOyOEeJIKngTibrnhWOb3gPCAjTWQJuF/Pz1\nlNhGZd42ts3TPW/LIG8KBoyB6jlKNyvN4Wmbh5W5gP2ylNucQv9LZ8zLqDxcgmXv\nrzlEHSUVzlvtt0cvq/Rqyub6JXRMpSUCggEAB3vUFs6TDBCLAW8yyGwilKLE4h43\nsQhjZDNmq1w9Qd4Ux3/xqPXwPINZjg/LiQsD6cjiV3JvEcGavD/FxAUGiMMnQZhy\nzIaz9Yl5UANgTrc1jmUyHy+RcRKKawZZM1S4hPhahiStR45UlmLx3n/2QlyVnJLT\nHmgmVSSQDbGCv+8L5c/4vKBv5Z1I58t42V1KPO663r5rki4H4sGAZI3q4sU/zX+W\nFkX2T5vLcHmSvpW870XHPw58xcBapeYtIFXcY9D1uXJQcv8za4CiYKjxC3r/hASN\nTpGEcpiDZzhPjKsgnQTknrtG1WKxR+bd0uvTJ2AAhMy1pKSFkNHdwaV+Fw==\n-----END RSA PRIVATE KEY-----\n",
            "public_key_fingerprint_md5": "16:1d:6c:7e:b9:6a:9a:a3:09:02:7e:31:53:69:14:37",
            "public_key_openssh": "ssh-rsa AAAAB3NzaC1yc2EAAAADAQABAAACAQDJPEvS/ksIeb2qkwcctfIEe9xZJVWj7rn5mkDeA9CiQAoQXkAqaL0GV6f7ykNbhCVGqNggdIF50q9sJvjJEtWNljerTEinypQ8y+28IKt9BLcHOVN0MiqgXLn19OAtULCRQUzMczwqcEV9TDzDx6oI6xTD6efHUrsiTgWKYdoarh1n3S42cQS5Ofrt/JhbojdMYKVjWgj4MzeTyhqGqm05gT5pK2OMjMZXkVSn+zvopetvLqGa0rVF1IHqGm3gf0sC8Ell7EfDkN3iK01/J9IGRb865aiRgnWU4nzlm6LrNO8N8Ct46giFeDol8Yx9gMpL8EwRB7CfAZziQeMDAai/EgmPI8srGl71453Hmtg9tjxUTxAWm8Xf/N1xJMIe+yLJSNKGtGA04ISeobf+m2caFud4aUlsTMAkswiNDv1++lMFt5hZStv06us7Jvg8kcnsEDorb3VbKsKaCJpUIIaCJ6zMCEfdZoUw2tkfvR6MuJHz+zATyLAYULrwhPRdTGwy8I7l8CfPXu41LEdSoJ4MBCpAI2GvkZKY4wr0zwQJHRCC2EdYy/4n6Ce0cE3rEtw1XaNFChBMdMopen0zTk9h6w/nBSV/XJHA97YoYMxPq0i7ZT7Q+uzO1CrWysozimdVIK27HbsdRaSO8M+ADP+LLwhfwwwL9soHhGJFjXXAMw==\n",
            "public_key_pem": "-----BEGIN PUBLIC KEY-----\nMIICIjANBgkqhkiG9w0BAQEFAAOCAg8AMIICCgKCAgEAyTxL0v5LCHm9qpMHHLXy\nBHvcWSVVo+65+ZpA3gPQokAKEF5AKmi9Blen+8pDW4QlRqjYIHSBedKvbCb4yRLV\njZY3q0xIp8qUPMvtvCCrfQS3BzlTdDIqoFy59fTgLVCwkUFMzHM8KnBFfUw8w8eq\nCOsUw+nnx1K7Ik4FimHaGq4dZ90uNnEEuTn67fyYW6I3TGClY1oI+DM3k8oahqpt\nOYE+aStjjIzGV5FUp/s76KXrby6hmtK1RdSB6hpt4H9LAvBJZexHw5Dd4itNfyfS\nBkW/OuWokYJ1lOJ85Zui6zTvDfAreOoIhXg6JfGMfYDKS/BMEQewnwGc4kHjAwGo\nvxIJjyPLKxpe9eOdx5rYPbY8VE8QFpvF3/zdcSTCHvsiyUjShrRgNOCEnqG3/ptn\nGhbneGlJbEzAJLMIjQ79fvpTBbeYWUrb9OrrOyb4PJHJ7BA6K291WyrCmgiaVCCG\ngieszAhH3WaFMNrZH70ejLiR8/swE8iwGFC68IT0XUxsMvCO5fAnz17uNSxHUqCe\nDAQqQCNhr5GSmOMK9M8ECR0QgthHWMv+J+gntHBN6xLcNV2jRQoQTHTKKXp9M05P\nYesP5wUlf1yRwPe2KGDMT6tIu2U+0PrsztQq1srKM4pnVSCtux27HUWkjvDPgAz/\niy8IX8MMC/bKB4RiRY11wDMCAwEAAQ==\n-----END PUBLIC KEY-----\n",
            "rsa_bits": 4096
          },
          "sensitive_attributes": [],
          "private": "bnVsbA=="
        }
      ]
    }
  ]
}
